// !$*UTF8*$!
{
	archiveVersion = 1;
	classes = {
	};
	objectVersion = 46;
	objects = {

/* Begin PBXBuildFile section */
		A43D21461ACDE25E007E72D9 /* main.m in Sources */ = {isa = PBXBuildFile; fileRef = A43D21451ACDE25E007E72D9 /* main.m */; };
		A43D21491ACDE25E007E72D9 /* AppDelegate.m in Sources */ = {isa = PBXBuildFile; fileRef = A43D21481ACDE25E007E72D9 /* AppDelegate.m */; };
		A43D214C1ACDE25E007E72D9 /* ViewController.m in Sources */ = {isa = PBXBuildFile; fileRef = A43D214B1ACDE25E007E72D9 /* ViewController.m */; };
		A43D214F1ACDE25E007E72D9 /* Main.storyboard in Resources */ = {isa = PBXBuildFile; fileRef = A43D214D1ACDE25E007E72D9 /* Main.storyboard */; };
		A43D21511ACDE25E007E72D9 /* Images.xcassets in Resources */ = {isa = PBXBuildFile; fileRef = A43D21501ACDE25E007E72D9 /* Images.xcassets */; };
		A43D21541ACDE25E007E72D9 /* LaunchScreen.xib in Resources */ = {isa = PBXBuildFile; fileRef = A43D21521ACDE25E007E72D9 /* LaunchScreen.xib */; };
		A43D21601ACDE25E007E72D9 /* ToDoListTests.m in Sources */ = {isa = PBXBuildFile; fileRef = A43D215F1ACDE25E007E72D9 /* ToDoListTests.m */; };
/* End PBXBuildFile section */

/* Begin PBXContainerItemProxy section */
		A43D215A1ACDE25E007E72D9 /* PBXContainerItemProxy */ = {
			isa = PBXContainerItemProxy;
			containerPortal = A43D21381ACDE25E007E72D9 /* Project object */;
			proxyType = 1;
			remoteGlobalIDString = A43D213F1ACDE25E007E72D9;
			remoteInfo = ToDoList;
		};
/* End PBXContainerItemProxy section */

/* Begin PBXFileReference section */
		A43D21401ACDE25E007E72D9 /* ToDoList.app */ = {isa = PBXFileReference; explicitFileType = wrapper.application; includeInIndex = 0; path = ToDoList.app; sourceTree = BUILT_PRODUCTS_DIR; };
		A43D21441ACDE25E007E72D9 /* Info.plist */ = {isa = PBXFileReference; lastKnownFileType = text.plist.xml; path = Info.plist; sourceTree = "<group>"; };
		A43D21451ACDE25E007E72D9 /* main.m */ = {isa = PBXFileReference; lastKnownFileType = sourcecode.c.objc; path = main.m; sourceTree = "<group>"; };
		A43D21471ACDE25E007E72D9 /* AppDelegate.h */ = {isa = PBXFileReference; lastKnownFileType = sourcecode.c.h; path = AppDelegate.h; sourceTree = "<group>"; };
		A43D21481ACDE25E007E72D9 /* AppDelegate.m */ = {isa = PBXFileReference; lastKnownFileType = sourcecode.c.objc; path = AppDelegate.m; sourceTree = "<group>"; };
		A43D214A1ACDE25E007E72D9 /* ViewController.h */ = {isa = PBXFileReference; lastKnownFileType = sourcecode.c.h; path = ViewController.h; sourceTree = "<group>"; };
		A43D214B1ACDE25E007E72D9 /* ViewController.m */ = {isa = PBXFileReference; lastKnownFileType = sourcecode.c.objc; path = ViewController.m; sourceTree = "<group>"; };
		A43D214E1ACDE25E007E72D9 /* Base */ = {isa = PBXFileReference; lastKnownFileType = file.storyboard; name = Base; path = Base.lproj/Main.storyboard; sourceTree = "<group>"; };
		A43D21501ACDE25E007E72D9 /* Images.xcassets */ = {isa = PBXFileReference; lastKnownFileType = folder.assetcatalog; path = Images.xcassets; sourceTree = "<group>"; };
		A43D21531ACDE25E007E72D9 /* Base */ = {isa = PBXFileReference; lastKnownFileType = file.xib; name = Base; path = Base.lproj/LaunchScreen.xib; sourceTree = "<group>"; };
		A43D21591ACDE25E007E72D9 /* ToDoListTests.xctest */ = {isa = PBXFileReference; explicitFileType = wrapper.cfbundle; includeInIndex = 0; path = ToDoListTests.xctest; sourceTree = BUILT_PRODUCTS_DIR; };
		A43D215E1ACDE25E007E72D9 /* Info.plist */ = {isa = PBXFileReference; lastKnownFileType = text.plist.xml; path = Info.plist; sourceTree = "<group>"; };
		A43D215F1ACDE25E007E72D9 /* ToDoListTests.m */ = {isa = PBXFileReference; lastKnownFileType = sourcecode.c.objc; path = ToDoListTests.m; sourceTree = "<group>"; };
/* End PBXFileReference section */

/* Begin PBXFrameworksBuildPhase section */
		A43D213D1ACDE25E007E72D9 /* Frameworks */ = {
			isa = PBXFrameworksBuildPhase;
			buildActionMask = 2147483647;
			files = (
			);
			runOnlyForDeploymentPostprocessing = 0;
		};
		A43D21561ACDE25E007E72D9 /* Frameworks */ = {
			isa = PBXFrameworksBuildPhase;
			buildActionMask = 2147483647;
			files = (
			);
			runOnlyForDeploymentPostprocessing = 0;
		};
/* End PBXFrameworksBuildPhase section */

/* Begin PBXGroup section */
		A43D21371ACDE25E007E72D9 = {
			isa = PBXGroup;
			children = (
				A43D21421ACDE25E007E72D9 /* ToDoList */,
				A43D215C1ACDE25E007E72D9 /* ToDoListTests */,
				A43D21411ACDE25E007E72D9 /* Products */,
			);
			sourceTree = "<group>";
		};
		A43D21411ACDE25E007E72D9 /* Products */ = {
			isa = PBXGroup;
			children = (
				A43D21401ACDE25E007E72D9 /* ToDoList.app */,
				A43D21591ACDE25E007E72D9 /* ToDoListTests.xctest */,
			);
			name = Products;
			sourceTree = "<group>";
		};
		A43D21421ACDE25E007E72D9 /* ToDoList */ = {
			isa = PBXGroup;
			children = (
				A43D21471ACDE25E007E72D9 /* AppDelegate.h */,
				A43D21481ACDE25E007E72D9 /* AppDelegate.m */,
				A43D214A1ACDE25E007E72D9 /* ViewController.h */,
				A43D214B1ACDE25E007E72D9 /* ViewController.m */,
				A43D214D1ACDE25E007E72D9 /* Main.storyboard */,
				A43D21501ACDE25E007E72D9 /* Images.xcassets */,
				A43D21521ACDE25E007E72D9 /* LaunchScreen.xib */,
				A43D21431ACDE25E007E72D9 /* Supporting Files */,
			);
			path = ToDoList;
			sourceTree = "<group>";
		};
		A43D21431ACDE25E007E72D9 /* Supporting Files */ = {
			isa = PBXGroup;
			children = (
				A43D21441ACDE25E007E72D9 /* Info.plist */,
				A43D21451ACDE25E007E72D9 /* main.m */,
			);
			name = "Supporting Files";
			sourceTree = "<group>";
		};
		A43D215C1ACDE25E007E72D9 /* ToDoListTests */ = {
			isa = PBXGroup;
			children = (
				A43D215F1ACDE25E007E72D9 /* ToDoListTests.m */,
				A43D215D1ACDE25E007E72D9 /* Supporting Files */,
			);
			path = ToDoListTests;
			sourceTree = "<group>";
		};
		A43D215D1ACDE25E007E72D9 /* Supporting Files */ = {
			isa = PBXGroup;
			children = (
				A43D215E1ACDE25E007E72D9 /* Info.plist */,
			);
			name = "Supporting Files";
			sourceTree = "<group>";
		};
/* End PBXGroup section */

/* Begin PBXNativeTarget section */
		A43D213F1ACDE25E007E72D9 /* ToDoList */ = {
			isa = PBXNativeTarget;
			buildConfigurationList = A43D21631ACDE25E007E72D9 /* Build configuration list for PBXNativeTarget "ToDoList" */;
			buildPhases = (
				A43D213C1ACDE25E007E72D9 /* Sources */,
				A43D213D1ACDE25E007E72D9 /* Frameworks */,
				A43D213E1ACDE25E007E72D9 /* Resources */,
			);
			buildRules = (
			);
			dependencies = (
			);
			name = ToDoList;
			productName = ToDoList;
			productReference = A43D21401ACDE25E007E72D9 /* ToDoList.app */;
			productType = "com.apple.product-type.application";
		};
		A43D21581ACDE25E007E72D9 /* ToDoListTests */ = {
			isa = PBXNativeTarget;
			buildConfigurationList = A43D21661ACDE25E007E72D9 /* Build configuration list for PBXNativeTarget "ToDoListTests" */;
			buildPhases = (
				A43D21551ACDE25E007E72D9 /* Sources */,
				A43D21561ACDE25E007E72D9 /* Frameworks */,
				A43D21571ACDE25E007E72D9 /* Resources */,
			);
			buildRules = (
			);
			dependencies = (
				A43D215B1ACDE25E007E72D9 /* PBXTargetDependency */,
			);
			name = ToDoListTests;
			productName = ToDoListTests;
			productReference = A43D21591ACDE25E007E72D9 /* ToDoListTests.xctest */;
			productType = "com.apple.product-type.bundle.unit-test";
		};
/* End PBXNativeTarget section */

/* Begin PBXProject section */
		A43D21381ACDE25E007E72D9 /* Project object */ = {
			isa = PBXProject;
			attributes = {
				LastUpgradeCheck = 0620;
				ORGANIZATIONNAME = "Yuhui Chen";
				TargetAttributes = {
					A43D213F1ACDE25E007E72D9 = {
						CreatedOnToolsVersion = 6.2;
					};
					A43D21581ACDE25E007E72D9 = {
						CreatedOnToolsVersion = 6.2;
						TestTargetID = A43D213F1ACDE25E007E72D9;
					};
				};
			};
			buildConfigurationList = A43D213B1ACDE25E007E72D9 /* Build configuration list for PBXProject "ToDoList" */;
			compatibilityVersion = "Xcode 3.2";
			developmentRegion = English;
			hasScannedForEncodings = 0;
			knownRegions = (
				en,
				Base,
			);
			mainGroup = A43D21371ACDE25E007E72D9;
			productRefGroup = A43D21411ACDE25E007E72D9 /* Products */;
			projectDirPath = "";
			projectRoot = "";
			targets = (
				A43D213F1ACDE25E007E72D9 /* ToDoList */,
				A43D21581ACDE25E007E72D9 /* ToDoListTests */,
			);
		};
/* End PBXProject section */

/* Begin PBXResourcesBuildPhase section */
		A43D213E1ACDE25E007E72D9 /* Resources */ = {
			isa = PBXResourcesBuildPhase;
			buildActionMask = 2147483647;
			files = (
				A43D214F1ACDE25E007E72D9 /* Main.storyboard in Resources */,
				A43D21541ACDE25E007E72D9 /* LaunchScreen.xib in Resources */,
				A43D21511ACDE25E007E72D9 /* Images.xcassets in Resources */,
			);
			runOnlyForDeploymentPostprocessing = 0;
		};
		A43D21571ACDE25E007E72D9 /* Resources */ = {
			isa = PBXResourcesBuildPhase;
			buildActionMask = 2147483647;
			files = (
			);
			runOnlyForDeploymentPostprocessing = 0;
		};
/* End PBXResourcesBuildPhase section */

/* Begin PBXSourcesBuildPhase section */
		A43D213C1ACDE25E007E72D9 /* Sources */ = {
			isa = PBXSourcesBuildPhase;
			buildActionMask = 2147483647;
			files = (
				A43D214C1ACDE25E007E72D9 /* ViewController.m in Sources */,
				A43D21491ACDE25E007E72D9 /* AppDelegate.m in Sources */,
				A43D21461ACDE25E007E72D9 /* main.m in Sources */,
			);
			runOnlyForDeploymentPostprocessing = 0;
		};
		A43D21551ACDE25E007E72D9 /* Sources */ = {
			isa = PBXSourcesBuildPhase;
			buildActionMask = 2147483647;
			files = (
				A43D21601ACDE25E007E72D9 /* ToDoListTests.m in Sources */,
			);
			runOnlyForDeploymentPostprocessing = 0;
		};
/* End PBXSourcesBuildPhase section */

/* Begin PBXTargetDependency section */
		A43D215B1ACDE25E007E72D9 /* PBXTargetDependency */ = {
			isa = PBXTargetDependency;
			target = A43D213F1ACDE25E007E72D9 /* ToDoList */;
			targetProxy = A43D215A1ACDE25E007E72D9 /* PBXContainerItemProxy */;
		};
/* End PBXTargetDependency section */

/* Begin PBXVariantGroup section */
		A43D214D1ACDE25E007E72D9 /* Main.storyboard */ = {
			isa = PBXVariantGroup;
			children = (
				A43D214E1ACDE25E007E72D9 /* Base */,
			);
			name = Main.storyboard;
			sourceTree = "<group>";
		};
		A43D21521ACDE25E007E72D9 /* LaunchScreen.xib */ = {
			isa = PBXVariantGroup;
			children = (
				A43D21531ACDE25E007E72D9 /* Base */,
			);
			name = LaunchScreen.xib;
			sourceTree = "<group>";
		};
/* End PBXVariantGroup section */

/* Begin XCBuildConfiguration section */
		A43D21611ACDE25E007E72D9 /* Debug */ = {
			isa = XCBuildConfiguration;
			buildSettings = {
				ALWAYS_SEARCH_USER_PATHS = NO;
				CLANG_CXX_LANGUAGE_STANDARD = "gnu++0x";
				CLANG_CXX_LIBRARY = "libc++";
				CLANG_ENABLE_MODULES = YES;
				CLANG_ENABLE_OBJC_ARC = YES;
				CLANG_WARN_BOOL_CONVERSION = YES;
				CLANG_WARN_CONSTANT_CONVERSION = YES;
				CLANG_WARN_DIRECT_OBJC_ISA_USAGE = YES_ERROR;
				CLANG_WARN_EMPTY_BODY = YES;
				CLANG_WARN_ENUM_CONVERSION = YES;
				CLANG_WARN_INT_CONVERSION = YES;
				CLANG_WARN_OBJC_ROOT_CLASS = YES_ERROR;
				CLANG_WARN_UNREACHABLE_CODE = YES;
				CLANG_WARN__DUPLICATE_METHOD_MATCH = YES;
				"CODE_SIGN_IDENTITY[sdk=iphoneos*]" = "iPhone Developer";
				COPY_PHASE_STRIP = NO;
				ENABLE_STRICT_OBJC_MSGSEND = YES;
				GCC_C_LANGUAGE_STANDARD = gnu99;
				GCC_DYNAMIC_NO_PIC = NO;
				GCC_OPTIMIZATION_LEVEL = 0;
				GCC_PREPROCESSOR_DEFINITIONS = (
					"DEBUG=1",
					"$(inherited)",
				);
				GCC_SYMBOLS_PRIVATE_EXTERN = NO;
				GCC_WARN_64_TO_32_BIT_CONVERSION = YES;
				GCC_WARN_ABOUT_RETURN_TYPE = YES_ERROR;
				GCC_WARN_UNDECLARED_SELECTOR = YES;
				GCC_WARN_UNINITIALIZED_AUTOS = YES_AGGRESSIVE;
				GCC_WARN_UNUSED_FUNCTION = YES;
				GCC_WARN_UNUSED_VARIABLE = YES;
				IPHONEOS_DEPLOYMENT_TARGET = 8.2;
				MTL_ENABLE_DEBUG_INFO = YES;
				ONLY_ACTIVE_ARCH = YES;
				SDKROOT = iphoneos;
				TARGETED_DEVICE_FAMILY = "1,2";
			};
			name = Debug;
		};
		A43D21621ACDE25E007E72D9 /* Release */ = {
			isa = XCBuildConfiguration;
			buildSettings = {
				ALWAYS_SEARCH_USER_PATHS = NO;
				CLANG_CXX_LANGUAGE_STANDARD = "gnu++0x";
				CLANG_CXX_LIBRARY = "libc++";
				CLANG_ENABLE_MODULES = YES;
				CLANG_ENABLE_OBJC_ARC = YES;
				CLANG_WARN_BOOL_CONVERSION = YES;
				CLANG_WARN_CONSTANT_CONVERSION = YES;
				CLANG_WARN_DIRECT_OBJC_ISA_USAGE = YES_ERROR;
				CLANG_WARN_EMPTY_BODY = YES;
				CLANG_WARN_ENUM_CONVERSION = YES;
				CLANG_WARN_INT_CONVERSION = YES;
				CLANG_WARN_OBJC_ROOT_CLASS = YES_ERROR;
				CLANG_WARN_UNREACHABLE_CODE = YES;
				CLANG_WARN__DUPLICATE_METHOD_MATCH = YES;
				"CODE_SIGN_IDENTITY[sdk=iphoneos*]" = "iPhone Developer";
				COPY_PHASE_STRIP = NO;
				ENABLE_NS_ASSERTIONS = NO;
				ENABLE_STRICT_OBJC_MSGSEND = YES;
				GCC_C_LANGUAGE_STANDARD = gnu99;
				GCC_WARN_64_TO_32_BIT_CONVERSION = YES;
				GCC_WARN_ABOUT_RETURN_TYPE = YES_ERROR;
				GCC_WARN_UNDECLARED_SELECTOR = YES;
				GCC_WARN_UNINITIALIZED_AUTOS = YES_AGGRESSIVE;
				GCC_WARN_UNUSED_FUNCTION = YES;
				GCC_WARN_UNUSED_VARIABLE = YES;
				IPHONEOS_DEPLOYMENT_TARGET = 8.2;
				MTL_ENABLE_DEBUG_INFO = NO;
				SDKROOT = iphoneos;
				TARGETED_DEVICE_FAMILY = "1,2";
				VALIDATE_PRODUCT = YES;
			};
			name = Release;
		};
		A43D21641ACDE25E007E72D9 /* Debug */ = {
			isa = XCBuildConfiguration;
			buildSettings = {
				ASSETCATALOG_COMPILER_APPICON_NAME = AppIcon;
				INFOPLIST_FILE = ToDoList/Info.plist;
				LD_RUNPATH_SEARCH_PATHS = "$(inherited) @executable_path/Frameworks";
				PRODUCT_NAME = "$(TARGET_NAME)";
			};
			name = Debug;
		};
		A43D21651ACDE25E007E72D9 /* Release */ = {
			isa = XCBuildConfiguration;
			buildSettings = {
				ASSETCATALOG_COMPILER_APPICON_NAME = AppIcon;
				INFOPLIST_FILE = ToDoList/Info.plist;
				LD_RUNPATH_SEARCH_PATHS = "$(inherited) @executable_path/Frameworks";
				PRODUCT_NAME = "$(TARGET_NAME)";
			};
			name = Release;
		};
		A43D21671ACDE25E007E72D9 /* Debug */ = {
			isa = XCBuildConfiguration;
			buildSettings = {
				BUNDLE_LOADER = "$(TEST_HOST)";
				FRAMEWORK_SEARCH_PATHS = (
					"$(SDKROOT)/Developer/Library/Frameworks",
					"$(inherited)",
				);
				GCC_PREPROCESSOR_DEFINITIONS = (
					"DEBUG=1",
					"$(inherited)",
				);
				INFOPLIST_FILE = ToDoListTests/Info.plist;
				LD_RUNPATH_SEARCH_PATHS = "$(inherited) @executable_path/Frameworks @loader_path/Frameworks";
				PRODUCT_NAME = "$(TARGET_NAME)";
				TEST_HOST = "$(BUILT_PRODUCTS_DIR)/ToDoList.app/ToDoList";
			};
			name = Debug;
		};
		A43D21681ACDE25E007E72D9 /* Release */ = {
			isa = XCBuildConfiguration;
			buildSettings = {
				BUNDLE_LOADER = "$(TEST_HOST)";
				FRAMEWORK_SEARCH_PATHS = (
					"$(SDKROOT)/Developer/Library/Frameworks",
					"$(inherited)",
				);
				INFOPLIST_FILE = ToDoListTests/Info.plist;
				LD_RUNPATH_SEARCH_PATHS = "$(inherited) @executable_path/Frameworks @loader_path/Frameworks";
				PRODUCT_NAME = "$(TARGET_NAME)";
				TEST_HOST = "$(BUILT_PRODUCTS_DIR)/ToDoList.app/ToDoList";
			};
			name = Release;
		};
/* End XCBuildConfiguration section */

/* Begin XCConfigurationList section */
		A43D213B1ACDE25E007E72D9 /* Build configuration list for PBXProject "ToDoList" */ = {
			isa = XCConfigurationList;
			buildConfigurations = (
				A43D21611ACDE25E007E72D9 /* Debug */,
				A43D21621ACDE25E007E72D9 /* Release */,
			);
			defaultConfigurationIsVisible = 0;
			defaultConfigurationName = Release;
		};
		A43D21631ACDE25E007E72D9 /* Build configuration list for PBXNativeTarget "ToDoList" */ = {
			isa = XCConfigurationList;
			buildConfigurations = (
				A43D21641ACDE25E007E72D9 /* Debug */,
				A43D21651ACDE25E007E72D9 /* Release */,
			);
			defaultConfigurationIsVisible = 0;
		};
		A43D21661ACDE25E007E72D9 /* Build configuration list for PBXNativeTarget "ToDoListTests" */ = {
			isa = XCConfigurationList;
			buildConfigurations = (
				A43D21671ACDE25E007E72D9 /* Debug */,
				A43D21681ACDE25E007E72D9 /* Release */,
			);
			defaultConfigurationIsVisible = 0;
		};
/* End XCConfigurationList section */
	};
	rootObject = A43D21381ACDE25E007E72D9 /* Project object */;
}
